// !$*UTF8*$!
{
	archiveVersion = 1;
	classes = {
	};
	objectVersion = 56;
	objects = {

/* Begin PBXBuildFile section */
		81C1F6312B340DAB007AB580 /* Avoid_my_OppsApp.swift in Sources */ = {isa = PBXBuildFile; fileRef = 81C1F6302B340DAB007AB580 /* Avoid_my_OppsApp.swift */; };
		81C1F6332B340DAB007AB580 /* ContentView.swift in Sources */ = {isa = PBXBuildFile; fileRef = 81C1F6322B340DAB007AB580 /* ContentView.swift */; };
		81C1F6372B340DAC007AB580 /* Assets.xcassets in Resources */ = {isa = PBXBuildFile; fileRef = 81C1F6362B340DAC007AB580 /* Assets.xcassets */; };
		81C1F63A2B340DAC007AB580 /* Preview Assets.xcassets in Resources */ = {isa = PBXBuildFile; fileRef = 81C1F6392B340DAC007AB580 /* Preview Assets.xcassets */; };
		81C1F6442B340DAC007AB580 /* Avoid_my_OppsTests.swift in Sources */ = {isa = PBXBuildFile; fileRef = 81C1F6432B340DAC007AB580 /* Avoid_my_OppsTests.swift */; };
		81C1F64E2B340DAC007AB580 /* Avoid_my_OppsUITests.swift in Sources */ = {isa = PBXBuildFile; fileRef = 81C1F64D2B340DAC007AB580 /* Avoid_my_OppsUITests.swift */; };
		81C1F6502B340DAC007AB580 /* Avoid_my_OppsUITestsLaunchTests.swift in Sources */ = {isa = PBXBuildFile; fileRef = 81C1F64F2B340DAC007AB580 /* Avoid_my_OppsUITestsLaunchTests.swift */; };
		81C1F65D2B3613FA007AB580 /* LocationDataManager.swift in Sources */ = {isa = PBXBuildFile; fileRef = 81C1F65C2B3613FA007AB580 /* LocationDataManager.swift */; };
/* End PBXBuildFile section */

/* Begin PBXContainerItemProxy section */
		81C1F6402B340DAC007AB580 /* PBXContainerItemProxy */ = {
			isa = PBXContainerItemProxy;
			containerPortal = 81C1F6252B340DAB007AB580 /* Project object */;
			proxyType = 1;
			remoteGlobalIDString = 81C1F62C2B340DAB007AB580;
			remoteInfo = "Avoid my Opps";
		};
		81C1F64A2B340DAC007AB580 /* PBXContainerItemProxy */ = {
			isa = PBXContainerItemProxy;
			containerPortal = 81C1F6252B340DAB007AB580 /* Project object */;
			proxyType = 1;
			remoteGlobalIDString = 81C1F62C2B340DAB007AB580;
			remoteInfo = "Avoid my Opps";
		};
/* End PBXContainerItemProxy section */

/* Begin PBXFileReference section */
		81C1F62D2B340DAB007AB580 /* Avoid my Opps.app */ = {isa = PBXFileReference; explicitFileType = wrapper.application; includeInIndex = 0; path = "Avoid my Opps.app"; sourceTree = BUILT_PRODUCTS_DIR; };
		81C1F6302B340DAB007AB580 /* Avoid_my_OppsApp.swift */ = {isa = PBXFileReference; lastKnownFileType = sourcecode.swift; path = Avoid_my_OppsApp.swift; sourceTree = "<group>"; };
		81C1F6322B340DAB007AB580 /* ContentView.swift */ = {isa = PBXFileReference; lastKnownFileType = sourcecode.swift; path = ContentView.swift; sourceTree = "<group>"; };
		81C1F6362B340DAC007AB580 /* Assets.xcassets */ = {isa = PBXFileReference; lastKnownFileType = folder.assetcatalog; path = Assets.xcassets; sourceTree = "<group>"; };
		81C1F6392B340DAC007AB580 /* Preview Assets.xcassets */ = {isa = PBXFileReference; lastKnownFileType = folder.assetcatalog; path = "Preview Assets.xcassets"; sourceTree = "<group>"; };
		81C1F63F2B340DAC007AB580 /* Avoid my OppsTests.xctest */ = {isa = PBXFileReference; explicitFileType = wrapper.cfbundle; includeInIndex = 0; path = "Avoid my OppsTests.xctest"; sourceTree = BUILT_PRODUCTS_DIR; };
		81C1F6432B340DAC007AB580 /* Avoid_my_OppsTests.swift */ = {isa = PBXFileReference; lastKnownFileType = sourcecode.swift; path = Avoid_my_OppsTests.swift; sourceTree = "<group>"; };
		81C1F6492B340DAC007AB580 /* Avoid my OppsUITests.xctest */ = {isa = PBXFileReference; explicitFileType = wrapper.cfbundle; includeInIndex = 0; path = "Avoid my OppsUITests.xctest"; sourceTree = BUILT_PRODUCTS_DIR; };
		81C1F64D2B340DAC007AB580 /* Avoid_my_OppsUITests.swift */ = {isa = PBXFileReference; lastKnownFileType = sourcecode.swift; path = Avoid_my_OppsUITests.swift; sourceTree = "<group>"; };
		81C1F64F2B340DAC007AB580 /* Avoid_my_OppsUITestsLaunchTests.swift */ = {isa = PBXFileReference; lastKnownFileType = sourcecode.swift; path = Avoid_my_OppsUITestsLaunchTests.swift; sourceTree = "<group>"; };
		81C1F65C2B3613FA007AB580 /* LocationDataManager.swift */ = {isa = PBXFileReference; lastKnownFileType = sourcecode.swift; path = LocationDataManager.swift; sourceTree = "<group>"; };
/* End PBXFileReference section */

/* Begin PBXFrameworksBuildPhase section */
		81C1F62A2B340DAB007AB580 /* Frameworks */ = {
			isa = PBXFrameworksBuildPhase;
			buildActionMask = 2147483647;
			files = (
			);
			runOnlyForDeploymentPostprocessing = 0;
		};
		81C1F63C2B340DAC007AB580 /* Frameworks */ = {
			isa = PBXFrameworksBuildPhase;
			buildActionMask = 2147483647;
			files = (
			);
			runOnlyForDeploymentPostprocessing = 0;
		};
		81C1F6462B340DAC007AB580 /* Frameworks */ = {
			isa = PBXFrameworksBuildPhase;
			buildActionMask = 2147483647;
			files = (
			);
			runOnlyForDeploymentPostprocessing = 0;
		};
/* End PBXFrameworksBuildPhase section */

/* Begin PBXGroup section */
		81C1F6242B340DAB007AB580 = {
			isa = PBXGroup;
			children = (
				81C1F62F2B340DAB007AB580 /* Avoid my Opps */,
				81C1F6422B340DAC007AB580 /* Avoid my OppsTests */,
				81C1F64C2B340DAC007AB580 /* Avoid my OppsUITests */,
				81C1F62E2B340DAB007AB580 /* Products */,
			);
			sourceTree = "<group>";
		};
		81C1F62E2B340DAB007AB580 /* Products */ = {
			isa = PBXGroup;
			children = (
				81C1F62D2B340DAB007AB580 /* Avoid my Opps.app */,
				81C1F63F2B340DAC007AB580 /* Avoid my OppsTests.xctest */,
				81C1F6492B340DAC007AB580 /* Avoid my OppsUITests.xctest */,
			);
			name = Products;
			sourceTree = "<group>";
		};
		81C1F62F2B340DAB007AB580 /* Avoid my Opps */ = {
			isa = PBXGroup;
			children = (
				81C1F6302B340DAB007AB580 /* Avoid_my_OppsApp.swift */,
				81C1F6322B340DAB007AB580 /* ContentView.swift */,
				81C1F6362B340DAC007AB580 /* Assets.xcassets */,
				81C1F6382B340DAC007AB580 /* Preview Content */,
				81C1F65C2B3613FA007AB580 /* LocationDataManager.swift */,
			);
			path = "Avoid my Opps";
			sourceTree = "<group>";
		};
		81C1F6382B340DAC007AB580 /* Preview Content */ = {
			isa = PBXGroup;
			children = (
				81C1F6392B340DAC007AB580 /* Preview Assets.xcassets */,
			);
			path = "Preview Content";
			sourceTree = "<group>";
		};
		81C1F6422B340DAC007AB580 /* Avoid my OppsTests */ = {
			isa = PBXGroup;
			children = (
				81C1F6432B340DAC007AB580 /* Avoid_my_OppsTests.swift */,
			);
			path = "Avoid my OppsTests";
			sourceTree = "<group>";
		};
		81C1F64C2B340DAC007AB580 /* Avoid my OppsUITests */ = {
			isa = PBXGroup;
			children = (
				81C1F64D2B340DAC007AB580 /* Avoid_my_OppsUITests.swift */,
				81C1F64F2B340DAC007AB580 /* Avoid_my_OppsUITestsLaunchTests.swift */,
			);
			path = "Avoid my OppsUITests";
			sourceTree = "<group>";
		};
/* End PBXGroup section */

/* Begin PBXNativeTarget section */
		81C1F62C2B340DAB007AB580 /* Avoid my Opps */ = {
			isa = PBXNativeTarget;
			buildConfigurationList = 81C1F6532B340DAC007AB580 /* Build configuration list for PBXNativeTarget "Avoid my Opps" */;
			buildPhases = (
				81C1F6292B340DAB007AB580 /* Sources */,
				81C1F62A2B340DAB007AB580 /* Frameworks */,
				81C1F62B2B340DAB007AB580 /* Resources */,
			);
			buildRules = (
			);
			dependencies = (
			);
			name = "Avoid my Opps";
			productName = "Avoid my Opps";
			productReference = 81C1F62D2B340DAB007AB580 /* Avoid my Opps.app */;
			productType = "com.apple.product-type.application";
		};
		81C1F63E2B340DAC007AB580 /* Avoid my OppsTests */ = {
			isa = PBXNativeTarget;
			buildConfigurationList = 81C1F6562B340DAC007AB580 /* Build configuration list for PBXNativeTarget "Avoid my OppsTests" */;
			buildPhases = (
				81C1F63B2B340DAC007AB580 /* Sources */,
				81C1F63C2B340DAC007AB580 /* Frameworks */,
				81C1F63D2B340DAC007AB580 /* Resources */,
			);
			buildRules = (
			);
			dependencies = (
				81C1F6412B340DAC007AB580 /* PBXTargetDependency */,
			);
			name = "Avoid my OppsTests";
			productName = "Avoid my OppsTests";
			productReference = 81C1F63F2B340DAC007AB580 /* Avoid my OppsTests.xctest */;
			productType = "com.apple.product-type.bundle.unit-test";
		};
		81C1F6482B340DAC007AB580 /* Avoid my OppsUITests */ = {
			isa = PBXNativeTarget;
			buildConfigurationList = 81C1F6592B340DAC007AB580 /* Build configuration list for PBXNativeTarget "Avoid my OppsUITests" */;
			buildPhases = (
				81C1F6452B340DAC007AB580 /* Sources */,
				81C1F6462B340DAC007AB580 /* Frameworks */,
				81C1F6472B340DAC007AB580 /* Resources */,
			);
			buildRules = (
			);
			dependencies = (
				81C1F64B2B340DAC007AB580 /* PBXTargetDependency */,
			);
			name = "Avoid my OppsUITests";
			productName = "Avoid my OppsUITests";
			productReference = 81C1F6492B340DAC007AB580 /* Avoid my OppsUITests.xctest */;
			productType = "com.apple.product-type.bundle.ui-testing";
		};
/* End PBXNativeTarget section */

/* Begin PBXProject section */
		81C1F6252B340DAB007AB580 /* Project object */ = {
			isa = PBXProject;
			attributes = {
				BuildIndependentTargetsInParallel = 1;
				LastSwiftUpdateCheck = 1510;
				LastUpgradeCheck = 1510;
				TargetAttributes = {
					81C1F62C2B340DAB007AB580 = {
						CreatedOnToolsVersion = 15.1;
					};
					81C1F63E2B340DAC007AB580 = {
						CreatedOnToolsVersion = 15.1;
						TestTargetID = 81C1F62C2B340DAB007AB580;
					};
					81C1F6482B340DAC007AB580 = {
						CreatedOnToolsVersion = 15.1;
						TestTargetID = 81C1F62C2B340DAB007AB580;
					};
				};
			};
			buildConfigurationList = 81C1F6282B340DAB007AB580 /* Build configuration list for PBXProject "Avoid my Opps" */;
			compatibilityVersion = "Xcode 14.0";
			developmentRegion = en;
			hasScannedForEncodings = 0;
			knownRegions = (
				en,
				Base,
			);
			mainGroup = 81C1F6242B340DAB007AB580;
			productRefGroup = 81C1F62E2B340DAB007AB580 /* Products */;
			projectDirPath = "";
			projectRoot = "";
			targets = (
				81C1F62C2B340DAB007AB580 /* Avoid my Opps */,
				81C1F63E2B340DAC007AB580 /* Avoid my OppsTests */,
				81C1F6482B340DAC007AB580 /* Avoid my OppsUITests */,
			);
		};
/* End PBXProject section */

/* Begin PBXResourcesBuildPhase section */
		81C1F62B2B340DAB007AB580 /* Resources */ = {
			isa = PBXResourcesBuildPhase;
			buildActionMask = 2147483647;
			files = (
				81C1F63A2B340DAC007AB580 /* Preview Assets.xcassets in Resources */,
				81C1F6372B340DAC007AB580 /* Assets.xcassets in Resources */,
			);
			runOnlyForDeploymentPostprocessing = 0;
		};
		81C1F63D2B340DAC007AB580 /* Resources */ = {
			isa = PBXResourcesBuildPhase;
			buildActionMask = 2147483647;
			files = (
			);
			runOnlyForDeploymentPostprocessing = 0;
		};
		81C1F6472B340DAC007AB580 /* Resources */ = {
			isa = PBXResourcesBuildPhase;
			buildActionMask = 2147483647;
			files = (
			);
			runOnlyForDeploymentPostprocessing = 0;
		};
/* End PBXResourcesBuildPhase section */

/* Begin PBXSourcesBuildPhase section */
		81C1F6292B340DAB007AB580 /* Sources */ = {
			isa = PBXSourcesBuildPhase;
			buildActionMask = 2147483647;
			files = (
				81C1F65D2B3613FA007AB580 /* LocationDataManager.swift in Sources */,
				81C1F6332B340DAB007AB580 /* ContentView.swift in Sources */,
				81C1F6312B340DAB007AB580 /* Avoid_my_OppsApp.swift in Sources */,
			);
			runOnlyForDeploymentPostprocessing = 0;
		};
		81C1F63B2B340DAC007AB580 /* Sources */ = {
			isa = PBXSourcesBuildPhase;
			buildActionMask = 2147483647;
			files = (
				81C1F6442B340DAC007AB580 /* Avoid_my_OppsTests.swift in Sources */,
			);
			runOnlyForDeploymentPostprocessing = 0;
		};
		81C1F6452B340DAC007AB580 /* Sources */ = {
			isa = PBXSourcesBuildPhase;
			buildActionMask = 2147483647;
			files = (
				81C1F6502B340DAC007AB580 /* Avoid_my_OppsUITestsLaunchTests.swift in Sources */,
				81C1F64E2B340DAC007AB580 /* Avoid_my_OppsUITests.swift in Sources */,
			);
			runOnlyForDeploymentPostprocessing = 0;
		};
/* End PBXSourcesBuildPhase section */

/* Begin PBXTargetDependency section */
		81C1F6412B340DAC007AB580 /* PBXTargetDependency */ = {
			isa = PBXTargetDependency;
			target = 81C1F62C2B340DAB007AB580 /* Avoid my Opps */;
			targetProxy = 81C1F6402B340DAC007AB580 /* PBXContainerItemProxy */;
		};
		81C1F64B2B340DAC007AB580 /* PBXTargetDependency */ = {
			isa = PBXTargetDependency;
			target = 81C1F62C2B340DAB007AB580 /* Avoid my Opps */;
			targetProxy = 81C1F64A2B340DAC007AB580 /* PBXContainerItemProxy */;
		};
/* End PBXTargetDependency section */

/* Begin XCBuildConfiguration section */
		81C1F6512B340DAC007AB580 /* Debug */ = {
			isa = XCBuildConfiguration;
			buildSettings = {
				ALWAYS_SEARCH_USER_PATHS = NO;
				ASSETCATALOG_COMPILER_GENERATE_SWIFT_ASSET_SYMBOL_EXTENSIONS = YES;
				CLANG_ANALYZER_NONNULL = YES;
				CLANG_ANALYZER_NUMBER_OBJECT_CONVERSION = YES_AGGRESSIVE;
				CLANG_CXX_LANGUAGE_STANDARD = "gnu++20";
				CLANG_ENABLE_MODULES = YES;
				CLANG_ENABLE_OBJC_ARC = YES;
				CLANG_ENABLE_OBJC_WEAK = YES;
				CLANG_WARN_BLOCK_CAPTURE_AUTORELEASING = YES;
				CLANG_WARN_BOOL_CONVERSION = YES;
				CLANG_WARN_COMMA = YES;
				CLANG_WARN_CONSTANT_CONVERSION = YES;
				CLANG_WARN_DEPRECATED_OBJC_IMPLEMENTATIONS = YES;
				CLANG_WARN_DIRECT_OBJC_ISA_USAGE = YES_ERROR;
				CLANG_WARN_DOCUMENTATION_COMMENTS = YES;
				CLANG_WARN_EMPTY_BODY = YES;
				CLANG_WARN_ENUM_CONVERSION = YES;
				CLANG_WARN_INFINITE_RECURSION = YES;
				CLANG_WARN_INT_CONVERSION = YES;
				CLANG_WARN_NON_LITERAL_NULL_CONVERSION = YES;
				CLANG_WARN_OBJC_IMPLICIT_RETAIN_SELF = YES;
				CLANG_WARN_OBJC_LITERAL_CONVERSION = YES;
				CLANG_WARN_OBJC_ROOT_CLASS = YES_ERROR;
				CLANG_WARN_QUOTED_INCLUDE_IN_FRAMEWORK_HEADER = YES;
				CLANG_WARN_RANGE_LOOP_ANALYSIS = YES;
				CLANG_WARN_STRICT_PROTOTYPES = YES;
				CLANG_WARN_SUSPICIOUS_MOVE = YES;
				CLANG_WARN_UNGUARDED_AVAILABILITY = YES_AGGRESSIVE;
				CLANG_WARN_UNREACHABLE_CODE = YES;
				CLANG_WARN__DUPLICATE_METHOD_MATCH = YES;
				COPY_PHASE_STRIP = NO;
				DEBUG_INFORMATION_FORMAT = dwarf;
				ENABLE_STRICT_OBJC_MSGSEND = YES;
				ENABLE_TESTABILITY = YES;
				ENABLE_USER_SCRIPT_SANDBOXING = YES;
				GCC_C_LANGUAGE_STANDARD = gnu17;
				GCC_DYNAMIC_NO_PIC = NO;
				GCC_NO_COMMON_BLOCKS = YES;
				GCC_OPTIMIZATION_LEVEL = 0;
				GCC_PREPROCESSOR_DEFINITIONS = (
					"DEBUG=1",
					"$(inherited)",
				);
				GCC_WARN_64_TO_32_BIT_CONVERSION = YES;
				GCC_WARN_ABOUT_RETURN_TYPE = YES_ERROR;
				GCC_WARN_UNDECLARED_SELECTOR = YES;
				GCC_WARN_UNINITIALIZED_AUTOS = YES_AGGRESSIVE;
				GCC_WARN_UNUSED_FUNCTION = YES;
				GCC_WARN_UNUSED_VARIABLE = YES;
				IPHONEOS_DEPLOYMENT_TARGET = 17.2;
				LOCALIZATION_PREFERS_STRING_CATALOGS = YES;
				MTL_ENABLE_DEBUG_INFO = INCLUDE_SOURCE;
				MTL_FAST_MATH = YES;
				ONLY_ACTIVE_ARCH = YES;
				SDKROOT = iphoneos;
				SWIFT_ACTIVE_COMPILATION_CONDITIONS = "DEBUG $(inherited)";
				SWIFT_OPTIMIZATION_LEVEL = "-Onone";
			};
			name = Debug;
		};
		81C1F6522B340DAC007AB580 /* Release */ = {
			isa = XCBuildConfiguration;
			buildSettings = {
				ALWAYS_SEARCH_USER_PATHS = NO;
				ASSETCATALOG_COMPILER_GENERATE_SWIFT_ASSET_SYMBOL_EXTENSIONS = YES;
				CLANG_ANALYZER_NONNULL = YES;
				CLANG_ANALYZER_NUMBER_OBJECT_CONVERSION = YES_AGGRESSIVE;
				CLANG_CXX_LANGUAGE_STANDARD = "gnu++20";
				CLANG_ENABLE_MODULES = YES;
				CLANG_ENABLE_OBJC_ARC = YES;
				CLANG_ENABLE_OBJC_WEAK = YES;
				CLANG_WARN_BLOCK_CAPTURE_AUTORELEASING = YES;
				CLANG_WARN_BOOL_CONVERSION = YES;
				CLANG_WARN_COMMA = YES;
				CLANG_WARN_CONSTANT_CONVERSION = YES;
				CLANG_WARN_DEPRECATED_OBJC_IMPLEMENTATIONS = YES;
				CLANG_WARN_DIRECT_OBJC_ISA_USAGE = YES_ERROR;
				CLANG_WARN_DOCUMENTATION_COMMENTS = YES;
				CLANG_WARN_EMPTY_BODY = YES;
				CLANG_WARN_ENUM_CONVERSION = YES;
				CLANG_WARN_INFINITE_RECURSION = YES;
				CLANG_WARN_INT_CONVERSION = YES;
				CLANG_WARN_NON_LITERAL_NULL_CONVERSION = YES;
				CLANG_WARN_OBJC_IMPLICIT_RETAIN_SELF = YES;
				CLANG_WARN_OBJC_LITERAL_CONVERSION = YES;
				CLANG_WARN_OBJC_ROOT_CLASS = YES_ERROR;
				CLANG_WARN_QUOTED_INCLUDE_IN_FRAMEWORK_HEADER = YES;
				CLANG_WARN_RANGE_LOOP_ANALYSIS = YES;
				CLANG_WARN_STRICT_PROTOTYPES = YES;
				CLANG_WARN_SUSPICIOUS_MOVE = YES;
				CLANG_WARN_UNGUARDED_AVAILABILITY = YES_AGGRESSIVE;
				CLANG_WARN_UNREACHABLE_CODE = YES;
				CLANG_WARN__DUPLICATE_METHOD_MATCH = YES;
				COPY_PHASE_STRIP = NO;
				DEBUG_INFORMATION_FORMAT = "dwarf-with-dsym";
				ENABLE_NS_ASSERTIONS = NO;
				ENABLE_STRICT_OBJC_MSGSEND = YES;
				ENABLE_USER_SCRIPT_SANDBOXING = YES;
				GCC_C_LANGUAGE_STANDARD = gnu17;
				GCC_NO_COMMON_BLOCKS = YES;
				GCC_WARN_64_TO_32_BIT_CONVERSION = YES;
				GCC_WARN_ABOUT_RETURN_TYPE = YES_ERROR;
				GCC_WARN_UNDECLARED_SELECTOR = YES;
				GCC_WARN_UNINITIALIZED_AUTOS = YES_AGGRESSIVE;
				GCC_WARN_UNUSED_FUNCTION = YES;
				GCC_WARN_UNUSED_VARIABLE = YES;
				IPHONEOS_DEPLOYMENT_TARGET = 17.2;
				LOCALIZATION_PREFERS_STRING_CATALOGS = YES;
				MTL_ENABLE_DEBUG_INFO = NO;
				MTL_FAST_MATH = YES;
				SDKROOT = iphoneos;
				SWIFT_COMPILATION_MODE = wholemodule;
				VALIDATE_PRODUCT = YES;
			};
			name = Release;
		};
		81C1F6542B340DAC007AB580 /* Debug */ = {
			isa = XCBuildConfiguration;
			buildSettings = {
				ASSETCATALOG_COMPILER_APPICON_NAME = AppIcon;
				ASSETCATALOG_COMPILER_GLOBAL_ACCENT_COLOR_NAME = AccentColor;
				CODE_SIGN_STYLE = Automatic;
				CURRENT_PROJECT_VERSION = 1;
				DEVELOPMENT_ASSET_PATHS = "\"Avoid my Opps/Preview Content\"";
				DEVELOPMENT_TEAM = CS583GSWPW;
				ENABLE_PREVIEWS = YES;
				GENERATE_INFOPLIST_FILE = YES;
				INFOPLIST_KEY_NSLocationWhenInUseUsageDescription = "We need your location to let y";
				INFOPLIST_KEY_UIApplicationSceneManifest_Generation = YES;
				INFOPLIST_KEY_UIApplicationSupportsIndirectInputEvents = YES;
				INFOPLIST_KEY_UILaunchScreen_Generation = YES;
				INFOPLIST_KEY_UISupportedInterfaceOrientations_iPad = "UIInterfaceOrientationPortrait UIInterfaceOrientationPortraitUpsideDown UIInterfaceOrientationLandscapeLeft UIInterfaceOrientationLandscapeRight";
				INFOPLIST_KEY_UISupportedInterfaceOrientations_iPhone = "UIInterfaceOrientationPortrait UIInterfaceOrientationLandscapeLeft UIInterfaceOrientationLandscapeRight";
				LD_RUNPATH_SEARCH_PATHS = (
					"$(inherited)",
					"@executable_path/Frameworks",
				);
				MARKETING_VERSION = 1.0;
				PRODUCT_BUNDLE_IDENTIFIER = "pranav.Avoid-my-Opps";
				PRODUCT_NAME = "$(TARGET_NAME)";
				SWIFT_EMIT_LOC_STRINGS = YES;
				SWIFT_VERSION = 5.0;
				TARGETED_DEVICE_FAMILY = "1,2";
			};
			name = Debug;
		};
		81C1F6552B340DAC007AB580 /* Release */ = {
			isa = XCBuildConfiguration;
			buildSettings = {
				ASSETCATALOG_COMPILER_APPICON_NAME = AppIcon;
				ASSETCATALOG_COMPILER_GLOBAL_ACCENT_COLOR_NAME = AccentColor;
				CODE_SIGN_STYLE = Automatic;
				CURRENT_PROJECT_VERSION = 1;
				DEVELOPMENT_ASSET_PATHS = "\"Avoid my Opps/Preview Content\"";
				DEVELOPMENT_TEAM = CS583GSWPW;
				ENABLE_PREVIEWS = YES;
				GENERATE_INFOPLIST_FILE = YES;
				INFOPLIST_KEY_NSLocationWhenInUseUsageDescription = "We need your location to let y";
				INFOPLIST_KEY_UIApplicationSceneManifest_Generation = YES;
				INFOPLIST_KEY_UIApplicationSupportsIndirectInputEvents = YES;
				INFOPLIST_KEY_UILaunchScreen_Generation = YES;
				INFOPLIST_KEY_UISupportedInterfaceOrientations_iPad = "UIInterfaceOrientationPortrait UIInterfaceOrientationPortraitUpsideDown UIInterfaceOrientationLandscapeLeft UIInterfaceOrientationLandscapeRight";
				INFOPLIST_KEY_UISupportedInterfaceOrientations_iPhone = "UIInterfaceOrientationPortrait UIInterfaceOrientationLandscapeLeft UIInterfaceOrientationLandscapeRight";
				LD_RUNPATH_SEARCH_PATHS = (
					"$(inherited)",
					"@executable_path/Frameworks",
				);
				MARKETING_VERSION = 1.0;
				PRODUCT_BUNDLE_IDENTIFIER = "pranav.Avoid-my-Opps";
				PRODUCT_NAME = "$(TARGET_NAME)";
				SWIFT_EMIT_LOC_STRINGS = YES;
				SWIFT_VERSION = 5.0;
				TARGETED_DEVICE_FAMILY = "1,2";
			};
			name = Release;
		};
		81C1F6572B340DAC007AB580 /* Debug */ = {
			isa = XCBuildConfiguration;
			buildSettings = {
				ALWAYS_EMBED_SWIFT_STANDARD_LIBRARIES = YES;
				BUNDLE_LOADER = "$(TEST_HOST)";
				CODE_SIGN_STYLE = Automatic;
				CURRENT_PROJECT_VERSION = 1;
				DEVELOPMENT_TEAM = CS583GSWPW;
				GENERATE_INFOPLIST_FILE = YES;
				IPHONEOS_DEPLOYMENT_TARGET = 17.2;
				MARKETING_VERSION = 1.0;
				PRODUCT_BUNDLE_IDENTIFIER = "pranav.Avoid-my-OppsTests";
				PRODUCT_NAME = "$(TARGET_NAME)";
				SWIFT_EMIT_LOC_STRINGS = NO;
				SWIFT_VERSION = 5.0;
				TARGETED_DEVICE_FAMILY = "1,2";
				TEST_HOST = "$(BUILT_PRODUCTS_DIR)/Avoid my Opps.app/$(BUNDLE_EXECUTABLE_FOLDER_PATH)/Avoid my Opps";
			};
			name = Debug;
		};
		81C1F6582B340DAC007AB580 /* Release */ = {
			isa = XCBuildConfiguration;
			buildSettings = {
				ALWAYS_EMBED_SWIFT_STANDARD_LIBRARIES = YES;
				BUNDLE_LOADER = "$(TEST_HOST)";
				CODE_SIGN_STYLE = Automatic;
				CURRENT_PROJECT_VERSION = 1;
				DEVELOPMENT_TEAM = CS583GSWPW;
				GENERATE_INFOPLIST_FILE = YES;
				IPHONEOS_DEPLOYMENT_TARGET = 17.2;
				MARKETING_VERSION = 1.0;
				PRODUCT_BUNDLE_IDENTIFIER = "pranav.Avoid-my-OppsTests";
				PRODUCT_NAME = "$(TARGET_NAME)";
				SWIFT_EMIT_LOC_STRINGS = NO;
				SWIFT_VERSION = 5.0;
				TARGETED_DEVICE_FAMILY = "1,2";
				TEST_HOST = "$(BUILT_PRODUCTS_DIR)/Avoid my Opps.app/$(BUNDLE_EXECUTABLE_FOLDER_PATH)/Avoid my Opps";
			};
			name = Release;
		};
		81C1F65A2B340DAC007AB580 /* Debug */ = {
			isa = XCBuildConfiguration;
			buildSettings = {
				ALWAYS_EMBED_SWIFT_STANDARD_LIBRARIES = YES;
				CODE_SIGN_STYLE = Automatic;
				CURRENT_PROJECT_VERSION = 1;
				DEVELOPMENT_TEAM = CS583GSWPW;
				GENERATE_INFOPLIST_FILE = YES;
				MARKETING_VERSION = 1.0;
				PRODUCT_BUNDLE_IDENTIFIER = "pranav.Avoid-my-OppsUITests";
				PRODUCT_NAME = "$(TARGET_NAME)";
				SWIFT_EMIT_LOC_STRINGS = NO;
				SWIFT_VERSION = 5.0;
				TARGETED_DEVICE_FAMILY = "1,2";
				TEST_TARGET_NAME = "Avoid my Opps";
			};
			name = Debug;
		};
		81C1F65B2B340DAC007AB580 /* Release */ = {
			isa = XCBuildConfiguration;
			buildSettings = {
				ALWAYS_EMBED_SWIFT_STANDARD_LIBRARIES = YES;
				CODE_SIGN_STYLE = Automatic;
				CURRENT_PROJECT_VERSION = 1;
				DEVELOPMENT_TEAM = CS583GSWPW;
				GENERATE_INFOPLIST_FILE = YES;
				MARKETING_VERSION = 1.0;
				PRODUCT_BUNDLE_IDENTIFIER = "pranav.Avoid-my-OppsUITests";
				PRODUCT_NAME = "$(TARGET_NAME)";
				SWIFT_EMIT_LOC_STRINGS = NO;
				SWIFT_VERSION = 5.0;
				TARGETED_DEVICE_FAMILY = "1,2";
				TEST_TARGET_NAME = "Avoid my Opps";
			};
			name = Release;
		};
/* End XCBuildConfiguration section */

/* Begin XCConfigurationList section */
		81C1F6282B340DAB007AB580 /* Build configuration list for PBXProject "Avoid my Opps" */ = {
			isa = XCConfigurationList;
			buildConfigurations = (
				81C1F6512B340DAC007AB580 /* Debug */,
				81C1F6522B340DAC007AB580 /* Release */,
			);
			defaultConfigurationIsVisible = 0;
			defaultConfigurationName = Release;
		};
		81C1F6532B340DAC007AB580 /* Build configuration list for PBXNativeTarget "Avoid my Opps" */ = {
			isa = XCConfigurationList;
			buildConfigurations = (
				81C1F6542B340DAC007AB580 /* Debug */,
				81C1F6552B340DAC007AB580 /* Release */,
			);
			defaultConfigurationIsVisible = 0;
			defaultConfigurationName = Release;
		};
		81C1F6562B340DAC007AB580 /* Build configuration list for PBXNativeTarget "Avoid my OppsTests" */ = {
			isa = XCConfigurationList;
			buildConfigurations = (
				81C1F6572B340DAC007AB580 /* Debug */,
				81C1F6582B340DAC007AB580 /* Release */,
			);
			defaultConfigurationIsVisible = 0;
			defaultConfigurationName = Release;
		};
		81C1F6592B340DAC007AB580 /* Build configuration list for PBXNativeTarget "Avoid my OppsUITests" */ = {
			isa = XCConfigurationList;
			buildConfigurations = (
				81C1F65A2B340DAC007AB580 /* Debug */,
				81C1F65B2B340DAC007AB580 /* Release */,
			);
			defaultConfigurationIsVisible = 0;
			defaultConfigurationName = Release;
		};
/* End XCConfigurationList section */
	};
	rootObject = 81C1F6252B340DAB007AB580 /* Project object */;
}
